{
	"name": "ngen.util",
	"version": "1.0.10",
	"lockfileVersion": 1,
	"requires": true,
	"dependencies": {
		"bdf.util": {
			"version": "git+https://git@github.com/anzerr/bdf.util.git#a4fbaa35df34cd0da2b30fc3c0ec90db79f1b415",
			"from": "git+https://git@github.com/anzerr/bdf.util.git",
			"dev": true,
			"requires": {
				"fs.promisify": "git+https://git@github.com/anzerr/fs.promisify.git"
			}
		},
		"bmp.util": {
			"version": "git+https://git@github.com/anzerr/bmp.util.git#1e3981c113d87045b60870e9a3b42aab8abdfc21",
			"from": "git+https://git@github.com/anzerr/bmp.util.git",
			"dev": true
		},
		"color.util": {
			"version": "git+https://git@github.com/anzerr/color.util.git#38c2fda9f4e8bdac998e2a411287acaf10419ed0",
			"from": "git+https://git@github.com/anzerr/color.util.git",
			"dev": true
		},
		"fs.promisify": {
			"version": "git+https://git@github.com/anzerr/fs.promisify.git#b218e55d2bc34a81f08efe3f7ef9d6e72e716546",
			"from": "git+https://git@github.com/anzerr/fs.promisify.git",
			"dev": true
		},
		"image.util": {
			"version": "git+https://git@github.com/anzerr/image.util.git#b3d9c36e43bac0cb7362c66e8bf2d7d30388be1a",
			"from": "git+https://git@github.com/anzerr/image.util.git",
			"dev": true,
			"requires": {
				"bdf.util": "git+https://git@github.com/anzerr/bdf.util.git"
			}
		}
	}
}
